
Microsoft Visual Studio Solution File, Format Version 12.00
# Visual Studio Version 16
VisualStudioVersion = 16.0.31229.75
MinimumVisualStudioVersion = 10.0.40219.1
Project("{FAE04EC0-301F-11D3-BF4B-00C04F79EFBC}") = "Week5", "Week5\Week5.csproj", "{83F31D46-A32F-4F51-AA6D-3DC732F35EDF}"
EndProject
Global
	GlobalSection(SolutionConfigurationPlatforms) = preSolution
		Debug|Any CPU = Debug|Any CPU
		Release|Any CPU = Release|Any CPU
	EndGlobalSection
	GlobalSection(ProjectConfigurationPlatforms) = postSolution
		{83F31D46-A32F-4F51-AA6D-3DC732F35EDF}.Debug|Any CPU.ActiveCfg = Debug|Any CPU
		{83F31D46-A32F-4F51-AA6D-3DC732F35EDF}.Debug|Any CPU.Build.0 = Debug|Any CPU
		{83F31D46-A32F-4F51-AA6D-3DC732F35EDF}.Release|Any CPU.ActiveCfg = Release|Any CPU
		{83F31D46-A32F-4F51-AA6D-3DC732F35EDF}.Release|Any CPU.Build.0 = Release|Any CPU
	EndGlobalSection
	GlobalSection(SolutionProperties) = preSolution
		HideSolutionNode = FALSE
	EndGlobalSection
	GlobalSection(ExtensibilityGlobals) = postSolution
		SolutionGuid = {4C49BB8F-499A-42FA-A693-614EDAD0E388}
	EndGlobalSection
EndGlobal
